
Microsoft Visual Studio Solution File, Format Version 12.00
# Visual Studio Version 16
VisualStudioVersion = 16.0.30709.132
MinimumVisualStudioVersion = 10.0.40219.1
Project("{8BC9CEB8-8B4A-11D0-8D11-00A0C91BC942}") = "AjaxChessBot", "AjaxChessBot\AjaxChessBot.vcxproj", "{6D259587-2915-4EBA-8714-F6B842E81FBF}"
EndProject
Project("{FAE04EC0-301F-11D3-BF4B-00C04F79EFBC}") = "AjaxDynamicHtmlReader", "AjaxDynamicHtmlReader\AjaxDynamicHtmlReader.csproj", "{39B18C54-3886-4199-84FC-C840E9EAF5A4}"
EndProject
Global
	GlobalSection(SolutionConfigurationPlatforms) = preSolution
		Debug|Any CPU = Debug|Any CPU
		Debug|x64 = Debug|x64
		Debug|x86 = Debug|x86
		Release|Any CPU = Release|Any CPU
		Release|x64 = Release|x64
		Release|x86 = Release|x86
	EndGlobalSection
	GlobalSection(ProjectConfigurationPlatforms) = postSolution
		{6D259587-2915-4EBA-8714-F6B842E81FBF}.Debug|Any CPU.ActiveCfg = Debug|Win32
		{6D259587-2915-4EBA-8714-F6B842E81FBF}.Debug|x64.ActiveCfg = Debug|x64
		{6D259587-2915-4EBA-8714-F6B842E81FBF}.Debug|x64.Build.0 = Debug|x64
		{6D259587-2915-4EBA-8714-F6B842E81FBF}.Debug|x86.ActiveCfg = Debug|Win32
		{6D259587-2915-4EBA-8714-F6B842E81FBF}.Debug|x86.Build.0 = Debug|Win32
		{6D259587-2915-4EBA-8714-F6B842E81FBF}.Release|Any CPU.ActiveCfg = Release|Win32
		{6D259587-2915-4EBA-8714-F6B842E81FBF}.Release|x64.ActiveCfg = Release|x64
		{6D259587-2915-4EBA-8714-F6B842E81FBF}.Release|x64.Build.0 = Release|x64
		{6D259587-2915-4EBA-8714-F6B842E81FBF}.Release|x86.ActiveCfg = Release|Win32
		{6D259587-2915-4EBA-8714-F6B842E81FBF}.Release|x86.Build.0 = Release|Win32
		{39B18C54-3886-4199-84FC-C840E9EAF5A4}.Debug|Any CPU.ActiveCfg = Debug|Any CPU
		{39B18C54-3886-4199-84FC-C840E9EAF5A4}.Debug|Any CPU.Build.0 = Debug|Any CPU
		{39B18C54-3886-4199-84FC-C840E9EAF5A4}.Debug|x64.ActiveCfg = Debug|Any CPU
		{39B18C54-3886-4199-84FC-C840E9EAF5A4}.Debug|x64.Build.0 = Debug|Any CPU
		{39B18C54-3886-4199-84FC-C840E9EAF5A4}.Debug|x86.ActiveCfg = Debug|Any CPU
		{39B18C54-3886-4199-84FC-C840E9EAF5A4}.Debug|x86.Build.0 = Debug|Any CPU
		{39B18C54-3886-4199-84FC-C840E9EAF5A4}.Release|Any CPU.ActiveCfg = Release|Any CPU
		{39B18C54-3886-4199-84FC-C840E9EAF5A4}.Release|Any CPU.Build.0 = Release|Any CPU
		{39B18C54-3886-4199-84FC-C840E9EAF5A4}.Release|x64.ActiveCfg = Release|Any CPU
		{39B18C54-3886-4199-84FC-C840E9EAF5A4}.Release|x64.Build.0 = Release|Any CPU
		{39B18C54-3886-4199-84FC-C840E9EAF5A4}.Release|x86.ActiveCfg = Release|Any CPU
		{39B18C54-3886-4199-84FC-C840E9EAF5A4}.Release|x86.Build.0 = Release|Any CPU
	EndGlobalSection
	GlobalSection(SolutionProperties) = preSolution
		HideSolutionNode = FALSE
	EndGlobalSection
	GlobalSection(ExtensibilityGlobals) = postSolution
		SolutionGuid = {6C552316-5C0F-4649-9EC7-18684F31A967}
	EndGlobalSection
EndGlobal
